
Microsoft Visual Studio Solution File, Format Version 12.00
# Visual Studio Version 17
VisualStudioVersion = 17.11.35312.102
MinimumVisualStudioVersion = 10.0.40219.1
Project("{FAE04EC0-301F-11D3-BF4B-00C04F79EFBC}") = "HeroesLibrary", "HeroesLibrary.csproj", "{42E338E8-0972-40CC-9187-D2A22F48151A}"
EndProject
Project("{FAE04EC0-301F-11D3-BF4B-00C04F79EFBC}") = "DataProcessor", "..\DataProcessor\DataProcessor.csproj", "{3DEA716F-5C4A-41E1-99FA-B838B7E5D7C0}"
EndProject
Project("{9A19103F-16F7-4668-BE54-9A1E7A4F7556}") = "ConsoleApp1", "..\ConsoleApp1\ConsoleApp1.csproj", "{B1648BFC-91CC-4F75-9C1E-DF82615D8339}"
EndProject
Project("{9A19103F-16F7-4668-BE54-9A1E7A4F7556}") = "Tests", "..\Tests\Tests.csproj", "{EF50846E-2518-4C85-80A9-0E15FB8AB2BF}"
EndProject
Project("{FAE04EC0-301F-11D3-BF4B-00C04F79EFBC}") = "Interface_Preprocessor_WPF", "..\Interface_Preprocessor_WPF\Interface_Preprocessor_WPF.csproj", "{8ED0BB6F-A9CC-4121-95E6-6CE7D36684CE}"
EndProject
Global
	GlobalSection(SolutionConfigurationPlatforms) = preSolution
		Debug|Any CPU = Debug|Any CPU
		Release|Any CPU = Release|Any CPU
	EndGlobalSection
	GlobalSection(ProjectConfigurationPlatforms) = postSolution
		{42E338E8-0972-40CC-9187-D2A22F48151A}.Debug|Any CPU.ActiveCfg = Debug|Any CPU
		{42E338E8-0972-40CC-9187-D2A22F48151A}.Debug|Any CPU.Build.0 = Debug|Any CPU
		{42E338E8-0972-40CC-9187-D2A22F48151A}.Release|Any CPU.ActiveCfg = Release|Any CPU
		{42E338E8-0972-40CC-9187-D2A22F48151A}.Release|Any CPU.Build.0 = Release|Any CPU
		{3DEA716F-5C4A-41E1-99FA-B838B7E5D7C0}.Debug|Any CPU.ActiveCfg = Debug|Any CPU
		{3DEA716F-5C4A-41E1-99FA-B838B7E5D7C0}.Debug|Any CPU.Build.0 = Debug|Any CPU
		{3DEA716F-5C4A-41E1-99FA-B838B7E5D7C0}.Release|Any CPU.ActiveCfg = Release|Any CPU
		{3DEA716F-5C4A-41E1-99FA-B838B7E5D7C0}.Release|Any CPU.Build.0 = Release|Any CPU
		{B1648BFC-91CC-4F75-9C1E-DF82615D8339}.Debug|Any CPU.ActiveCfg = Debug|Any CPU
		{B1648BFC-91CC-4F75-9C1E-DF82615D8339}.Debug|Any CPU.Build.0 = Debug|Any CPU
		{B1648BFC-91CC-4F75-9C1E-DF82615D8339}.Release|Any CPU.ActiveCfg = Release|Any CPU
		{B1648BFC-91CC-4F75-9C1E-DF82615D8339}.Release|Any CPU.Build.0 = Release|Any CPU
		{EF50846E-2518-4C85-80A9-0E15FB8AB2BF}.Debug|Any CPU.ActiveCfg = Debug|Any CPU
		{EF50846E-2518-4C85-80A9-0E15FB8AB2BF}.Debug|Any CPU.Build.0 = Debug|Any CPU
		{EF50846E-2518-4C85-80A9-0E15FB8AB2BF}.Release|Any CPU.ActiveCfg = Release|Any CPU
		{EF50846E-2518-4C85-80A9-0E15FB8AB2BF}.Release|Any CPU.Build.0 = Release|Any CPU
		{8ED0BB6F-A9CC-4121-95E6-6CE7D36684CE}.Debug|Any CPU.ActiveCfg = Debug|Any CPU
		{8ED0BB6F-A9CC-4121-95E6-6CE7D36684CE}.Debug|Any CPU.Build.0 = Debug|Any CPU
		{8ED0BB6F-A9CC-4121-95E6-6CE7D36684CE}.Release|Any CPU.ActiveCfg = Release|Any CPU
		{8ED0BB6F-A9CC-4121-95E6-6CE7D36684CE}.Release|Any CPU.Build.0 = Release|Any CPU
	EndGlobalSection
	GlobalSection(SolutionProperties) = preSolution
		HideSolutionNode = FALSE
	EndGlobalSection
	GlobalSection(ExtensibilityGlobals) = postSolution
		SolutionGuid = {ADEB3DD7-0EF9-4F10-A1F0-D4B306DAD3F7}
	EndGlobalSection
EndGlobal
